{
  "name": "weather-on-mars",
  "lockfileVersion": 3,
  "requires": true,
  "packages": {
    "": {
      "dependencies": {
        "@iconify/icons-fluent": "^1.2.38",
        "@iconify/icons-mdi": "^1.2.48",
        "@iconify/icons-meteocons": "^1.2.0",
        "@iconify/react": "^6.0.0"
      }
    },
    "node_modules/@iconify/icons-fluent": {
      "version": "1.2.38",
      "resolved": "https://registry.npmjs.org/@iconify/icons-fluent/-/icons-fluent-1.2.38.tgz",
      "integrity": "sha512-nwCCUD3GLl/0xUDFnNIFYDhOr00mUTBToDBZaspFeXAaCnfHklMRtf0uHevBjKgGVqwlaV5c8zer7aNjwyRBGQ==",
      "license": "MIT",
      "dependencies": {
        "@iconify/types": "*"
      }
    },
    "node_modules/@iconify/icons-mdi": {
      "version": "1.2.48",
      "resolved": "https://registry.npmjs.org/@iconify/icons-mdi/-/icons-mdi-1.2.48.tgz",
      "integrity": "sha512-1Tiq+iX1d2MzrdDiw45Tc9HuhNgg8H4vvaKNV+kF+jmr/kPG+YyeLMyXUKp4bwv+gheIAgNpZPjuqAPRkmMieA==",
      "license": "Apache-2.0",
      "dependencies": {
        "@iconify/types": "*"
      }
    },
    "node_modules/@iconify/icons-meteocons": {
      "version": "1.2.0",
      "resolved": "https://registry.npmjs.org/@iconify/icons-meteocons/-/icons-meteocons-1.2.0.tgz",
      "integrity": "sha512-y5ujlDGssgzXvgFaXNAA/I/xn23QUrt/nkSycHdQ703A4n5ksaZAdMVosAOYIVI4C7qS+iEGM0/FOKiznIwUFw==",
      "license": "MIT",
      "dependencies": {
        "@iconify/types": "*"
      }
    },
    "node_modules/@iconify/react": {
      "version": "6.0.0",
      "resolved": "https://registry.npmjs.org/@iconify/react/-/react-6.0.0.tgz",
      "integrity": "sha512-eqNscABVZS8eCpZLU/L5F5UokMS9mnCf56iS1nM9YYHdH8ZxqZL9zyjSwW60IOQFsXZkilbBiv+1paMXBhSQnw==",
      "license": "MIT",
      "dependencies": {
        "@iconify/types": "^2.0.0"
      },
      "funding": {
        "url": "https://github.com/sponsors/cyberalien"
      },
      "peerDependencies": {
        "react": ">=16"
      }
    },
    "node_modules/@iconify/types": {
      "version": "2.0.0",
      "resolved": "https://registry.npmjs.org/@iconify/types/-/types-2.0.0.tgz",
      "integrity": "sha512-+wluvCrRhXrhyOmRDJ3q8mux9JkKy5SJ/v8ol2tu4FVjyYvtEzkc/3pK15ET6RKg4b4w4BmTk1+gsCUhf21Ykg==",
      "license": "MIT"
    },
    "node_modules/react": {
      "version": "19.1.0",
      "resolved": "https://registry.npmjs.org/react/-/react-19.1.0.tgz",
      "integrity": "sha512-FS+XFBNvn3GTAWq26joslQgWNoFu08F4kl0J4CgdNKADkdSGXQyTCnKteIAJy96Br6YbpEU1LSzV5dYtjMkMDg==",
      "license": "MIT",
      "peer": true,
      "engines": {
        "node": ">=0.10.0"
      }
    }
  }
}
